
Microsoft Visual Studio Solution File, Format Version 12.00
# Visual Studio Version 17
VisualStudioVersion = 17.4.33103.184
MinimumVisualStudioVersion = 10.0.40219.1
Project("{9A19103F-16F7-4668-BE54-9A1E7A4F7556}") = "AgroTeste", "AgroTeste.csproj", "{51D63329-4C13-41B8-8EB2-E10CAA25FA09}"
EndProject
Global
	GlobalSection(SolutionConfigurationPlatforms) = preSolution
		Debug|Any CPU = Debug|Any CPU
		Release|Any CPU = Release|Any CPU
	EndGlobalSection
	GlobalSection(ProjectConfigurationPlatforms) = postSolution
		{51D63329-4C13-41B8-8EB2-E10CAA25FA09}.Debug|Any CPU.ActiveCfg = Debug|Any CPU
		{51D63329-4C13-41B8-8EB2-E10CAA25FA09}.Debug|Any CPU.Build.0 = Debug|Any CPU
		{51D63329-4C13-41B8-8EB2-E10CAA25FA09}.Release|Any CPU.ActiveCfg = Release|Any CPU
		{51D63329-4C13-41B8-8EB2-E10CAA25FA09}.Release|Any CPU.Build.0 = Release|Any CPU
	EndGlobalSection
	GlobalSection(SolutionProperties) = preSolution
		HideSolutionNode = FALSE
	EndGlobalSection
	GlobalSection(ExtensibilityGlobals) = postSolution
		SolutionGuid = {93C8383D-4396-4345-9E25-FC4906451322}
	EndGlobalSection
EndGlobal
